# This file is autogenerated, do not edit; changes may be undone by the next 'dep ensure'.


[[projects]]
  branch = "master"
  digest = "1:cabe9ec8289704e71e45138c18ad90275bce25a8d61145c4130b55d9d9a6d6dc"
  name = "github.com/Sirupsen/logrus"
  packages = ["."]
  pruneopts = "UT"
  revision = "9b3cdde74fbe9443d704467498a7dcb61a79de9b"

[[projects]]
  branch = "master"
  digest = "1:8c0aab37f734f47e554578fcb56df4b29d647adc0baa4f2a0b950daf0486b360"
  name = "github.com/bitrise-io/bitrise"
  packages = [
    "configs",
    "models",
    "plugins",
    "tools",
    "tools/filterwriter",
    "tools/timeoutcmd",
    "version",
  ]
  pruneopts = "UT"
  revision = "2ec917b478fe766c026ba3e78954db0f6b3954d4"

[[projects]]
  branch = "master"
  digest = "1:4e1c0cc22c53c5ebda9bd380afd5b56a2f1fc9e6fd2eed59ab8ba0c1522eee19"
  name = "github.com/bitrise-io/envman"
  packages = ["models"]
  pruneopts = "UT"
  revision = "dce389aa0508c35e26577e66970433e9e6750c14"

[[projects]]
  branch = "master"
  digest = "1:cb103d128dc361fe7ad4cf509b72fcd57173ca3b943a3ef82d2160fe8d51e686"
  name = "github.com/bitrise-io/go-utils"
  packages = [
    "colorstring",
    "command",
    "command/git",
    "errorutil",
    "fileutil",
    "log",
    "parseutil",
    "pathutil",
    "pointers",
    "progress",
    "sliceutil",
  ]
  pruneopts = "UT"
  revision = "2a09aab8380d7842750328aebd5671bcccea89c8"

[[projects]]
  branch = "master"
  digest = "1:a31f5ffeb3ba940633762768571321abb47b57bc48c0551fc0e3d7aff3564770"
  name = "github.com/bitrise-io/stepman"
  packages = ["models"]
  pruneopts = "UT"
  revision = "8cd3398fab6c211eef53502b65ec7ad5510f556a"

[[projects]]
  branch = "master"
  digest = "1:8286f653bf8b8fd155a0c9c3b9ee3dbc2a95b1b51f7a1dc11fe2c66018454a0c"
  name = "github.com/codegangsta/cli"
  packages = ["."]
  pruneopts = "UT"
  revision = "693af58b4d51b8fcc7f9d89576da170765980581"

[[projects]]
  digest = "1:ffe9824d294da03b391f44e1ae8281281b4afc1bdaa9588c9097785e3af10cec"
  name = "github.com/davecgh/go-spew"
  packages = ["spew"]
  pruneopts = "UT"
  revision = "8991bc29aa16c548c550c7ff78260e27b9ab7c73"
  version = "v1.1.1"

[[projects]]
  branch = "master"
  digest = "1:950caca7dfcf796419232ba996c9c3539d09f26af27ba848c4508e604c13efbb"
  name = "github.com/hashicorp/go-version"
  packages = ["."]
  pruneopts = "UT"
  revision = "d40cf49b3a77bba84a7afdbd7f1dc295d114efb1"

[[projects]]
  digest = "1:31e761d97c76151dde79e9d28964a812c46efc5baee4085b86f68f0c654450de"
  name = "github.com/konsorten/go-windows-terminal-sequences"
  packages = ["."]
  pruneopts = "UT"
  revision = "f55edac94c9bbba5d6182a4be46d86a2c9b5b50e"
  version = "v1.0.2"

[[projects]]
  branch = "master"
  digest = "1:deff41c4160cc5b487a1d1a69a58925f2d3ac11befa0692b50e76940594e20f5"
  name = "github.com/pkg/errors"
  packages = ["."]
  pruneopts = "UT"
  revision = "27936f6d90f9c8e1145f11ed52ffffbfdb9e0af7"

[[projects]]
  digest = "1:0028cb19b2e4c3112225cd871870f2d9cf49b9b4276531f03438a88e94be86fe"
  name = "github.com/pmezard/go-difflib"
  packages = ["difflib"]
  pruneopts = "UT"
  revision = "792786c7400a136282c1664665ae0a8db921c6c2"
  version = "v1.0.0"

[[projects]]
  branch = "master"
  digest = "1:6baa565fe16f8657cf93469b2b8a6c61a277827734400d27e44d589547297279"
  name = "github.com/ryanuber/go-glob"
  packages = ["."]
  pruneopts = "UT"
  revision = "51a8f68e6c24dc43f1e371749c89a267de4ebc53"

[[projects]]
  branch = "master"
  digest = "1:45511ffd176fe0c5ab6cb08cdd141f3217df8e115124b176e894ab103925d53c"
  name = "github.com/stretchr/testify"
  packages = [
    "assert",
    "require",
  ]
  pruneopts = "UT"
  revision = "34c6fa2dc70986bccbbffcc6130f6920a924b075"

[[projects]]
  branch = "master"
  digest = "1:bbe51412d9915d64ffaa96b51d409e070665efc5194fcf145c4a27d4133107a4"
  name = "golang.org/x/crypto"
  packages = ["ssh/terminal"]
  pruneopts = "UT"
  revision = "f416ebab96af27ca70b6e5c23d6a0747530da626"

[[projects]]
  branch = "master"
  digest = "1:32a91fdcb8f4ae0b2376129fe0091963fa1bbf42d4c1826ad41f7b6410f385c0"
  name = "golang.org/x/sys"
  packages = [
    "unix",
    "windows",
  ]
  pruneopts = "UT"
  revision = "12500544f89f9420afe9529ba8940bf72d294972"

[[projects]]
  branch = "v2"
  digest = "1:2d56cd111a870bdf3ee37601877effe1fc79b8983645c147846f4769b6eb7051"
  name = "gopkg.in/yaml.v2"
  packages = ["."]
  pruneopts = "UT"
  revision = "7b8349ac747c6a24702b762d2c4fd9266cf4f1d6"

[solve-meta]
  analyzer-name = "dep"
  analyzer-version = 1
  input-imports = [
    "github.com/bitrise-io/bitrise/configs",
    "github.com/bitrise-io/bitrise/models",
    "github.com/bitrise-io/bitrise/plugins",
    "github.com/bitrise-io/go-utils/command",
    "github.com/bitrise-io/go-utils/command/git",
    "github.com/bitrise-io/go-utils/fileutil",
    "github.com/bitrise-io/go-utils/log",
    "github.com/bitrise-io/go-utils/pathutil",
    "github.com/codegangsta/cli",
    "github.com/hashicorp/go-version",
    "github.com/pkg/errors",
    "github.com/stretchr/testify/require",
    "gopkg.in/yaml.v2",
  ]
  solver-name = "gps-cdcl"
  solver-version = 1
